Microsoft Visual Studio Solution File, Format Version 12.00
# Visual Studio 2012
Project("{FAE04EC0-301F-11D3-BF4B-00C04F79EFBC}") = "Loony Lips", "Loony Lips.csproj", "{180E059D-BD5C-4B8B-9821-2F274CB11A40}"
EndProject
Global
	GlobalSection(SolutionConfigurationPlatforms) = preSolution
	Debug|Any CPU = Debug|Any CPU
	Release|Any CPU = Release|Any CPU
	Tools|Any CPU = Tools|Any CPU
	EndGlobalSection
	GlobalSection(ProjectConfigurationPlatforms) = postSolution
		{180E059D-BD5C-4B8B-9821-2F274CB11A40}.Debug|Any CPU.ActiveCfg = Debug|Any CPU
		{180E059D-BD5C-4B8B-9821-2F274CB11A40}.Debug|Any CPU.Build.0 = Debug|Any CPU
		{180E059D-BD5C-4B8B-9821-2F274CB11A40}.Release|Any CPU.ActiveCfg = Release|Any CPU
		{180E059D-BD5C-4B8B-9821-2F274CB11A40}.Release|Any CPU.Build.0 = Release|Any CPU
		{180E059D-BD5C-4B8B-9821-2F274CB11A40}.Tools|Any CPU.ActiveCfg = Tools|Any CPU
		{180E059D-BD5C-4B8B-9821-2F274CB11A40}.Tools|Any CPU.Build.0 = Tools|Any CPU
	EndGlobalSection
EndGlobal
